
Microsoft Visual Studio Solution File, Format Version 12.00
# Visual Studio Version 16
VisualStudioVersion = 16.0.31829.152
MinimumVisualStudioVersion = 10.0.40219.1
Project("{9A19103F-16F7-4668-BE54-9A1E7A4F7556}") = "MTCG", "MTCG\MTCG.csproj", "{46E41CC2-E62F-4E05-A5AB-9B0128592888}"
EndProject
Project("{FAE04EC0-301F-11D3-BF4B-00C04F79EFBC}") = "MTCG.Test", "MTCG.Test\MTCG.Test.csproj", "{1B7A5525-322C-46CF-A613-CCF3C664049B}"
EndProject
Global
	GlobalSection(SolutionConfigurationPlatforms) = preSolution
		Debug|Any CPU = Debug|Any CPU
		Release|Any CPU = Release|Any CPU
	EndGlobalSection
	GlobalSection(ProjectConfigurationPlatforms) = postSolution
		{46E41CC2-E62F-4E05-A5AB-9B0128592888}.Debug|Any CPU.ActiveCfg = Debug|Any CPU
		{46E41CC2-E62F-4E05-A5AB-9B0128592888}.Debug|Any CPU.Build.0 = Debug|Any CPU
		{46E41CC2-E62F-4E05-A5AB-9B0128592888}.Release|Any CPU.ActiveCfg = Release|Any CPU
		{46E41CC2-E62F-4E05-A5AB-9B0128592888}.Release|Any CPU.Build.0 = Release|Any CPU
		{1B7A5525-322C-46CF-A613-CCF3C664049B}.Debug|Any CPU.ActiveCfg = Debug|Any CPU
		{1B7A5525-322C-46CF-A613-CCF3C664049B}.Debug|Any CPU.Build.0 = Debug|Any CPU
		{1B7A5525-322C-46CF-A613-CCF3C664049B}.Release|Any CPU.ActiveCfg = Release|Any CPU
		{1B7A5525-322C-46CF-A613-CCF3C664049B}.Release|Any CPU.Build.0 = Release|Any CPU
	EndGlobalSection
	GlobalSection(SolutionProperties) = preSolution
		HideSolutionNode = FALSE
	EndGlobalSection
	GlobalSection(ExtensibilityGlobals) = postSolution
		SolutionGuid = {8FF0F526-9A49-47DF-A31A-BB710D7FC12A}
	EndGlobalSection
EndGlobal
